
Microsoft Visual Studio Solution File, Format Version 12.00
# Visual Studio Version 17
VisualStudioVersion = 17.6.33829.357
MinimumVisualStudioVersion = 10.0.40219.1
Project("{FAE04EC0-301F-11D3-BF4B-00C04F79EFBC}") = "BlazorApp", "BlazorApp\BlazorApp.csproj", "{FE26EBCD-EEF1-4FBD-8391-AFB0D1CCD53F}"
EndProject
Project("{FAE04EC0-301F-11D3-BF4B-00C04F79EFBC}") = "BlazorWebAssembly.Server", "BlazorWebAssembly\Server\BlazorWebAssembly.Server.csproj", "{3EC65464-5A5E-4449-82CC-8E2FA4C22944}"
EndProject
Project("{FAE04EC0-301F-11D3-BF4B-00C04F79EFBC}") = "BlazorWebAssembly.Client", "BlazorWebAssembly\Client\BlazorWebAssembly.Client.csproj", "{9E4A434A-0418-418E-81D8-03EBD3CA344A}"
EndProject
Project("{FAE04EC0-301F-11D3-BF4B-00C04F79EFBC}") = "BlazorWebAssembly.Shared", "BlazorWebAssembly\Shared\BlazorWebAssembly.Shared.csproj", "{B04680FA-E1EF-4E1B-A9F2-1B52074C97EB}"
EndProject
Project("{FAE04EC0-301F-11D3-BF4B-00C04F79EFBC}") = "Data", "Data\Data.csproj", "{DE8C3C28-F615-495A-86A8-AC4D1DFD23D7}"
EndProject
Project("{FAE04EC0-301F-11D3-BF4B-00C04F79EFBC}") = "Data.Models", "Data.Models\Data.Models.csproj", "{68A746FC-D1D4-4E56-93FE-0937DC22D069}"
EndProject
Global
	GlobalSection(SolutionConfigurationPlatforms) = preSolution
		Debug|Any CPU = Debug|Any CPU
		Release|Any CPU = Release|Any CPU
	EndGlobalSection
	GlobalSection(ProjectConfigurationPlatforms) = postSolution
		{FE26EBCD-EEF1-4FBD-8391-AFB0D1CCD53F}.Debug|Any CPU.ActiveCfg = Debug|Any CPU
		{FE26EBCD-EEF1-4FBD-8391-AFB0D1CCD53F}.Debug|Any CPU.Build.0 = Debug|Any CPU
		{FE26EBCD-EEF1-4FBD-8391-AFB0D1CCD53F}.Release|Any CPU.ActiveCfg = Release|Any CPU
		{FE26EBCD-EEF1-4FBD-8391-AFB0D1CCD53F}.Release|Any CPU.Build.0 = Release|Any CPU
		{3EC65464-5A5E-4449-82CC-8E2FA4C22944}.Debug|Any CPU.ActiveCfg = Debug|Any CPU
		{3EC65464-5A5E-4449-82CC-8E2FA4C22944}.Debug|Any CPU.Build.0 = Debug|Any CPU
		{3EC65464-5A5E-4449-82CC-8E2FA4C22944}.Release|Any CPU.ActiveCfg = Release|Any CPU
		{3EC65464-5A5E-4449-82CC-8E2FA4C22944}.Release|Any CPU.Build.0 = Release|Any CPU
		{9E4A434A-0418-418E-81D8-03EBD3CA344A}.Debug|Any CPU.ActiveCfg = Debug|Any CPU
		{9E4A434A-0418-418E-81D8-03EBD3CA344A}.Debug|Any CPU.Build.0 = Debug|Any CPU
		{9E4A434A-0418-418E-81D8-03EBD3CA344A}.Release|Any CPU.ActiveCfg = Release|Any CPU
		{9E4A434A-0418-418E-81D8-03EBD3CA344A}.Release|Any CPU.Build.0 = Release|Any CPU
		{B04680FA-E1EF-4E1B-A9F2-1B52074C97EB}.Debug|Any CPU.ActiveCfg = Debug|Any CPU
		{B04680FA-E1EF-4E1B-A9F2-1B52074C97EB}.Debug|Any CPU.Build.0 = Debug|Any CPU
		{B04680FA-E1EF-4E1B-A9F2-1B52074C97EB}.Release|Any CPU.ActiveCfg = Release|Any CPU
		{B04680FA-E1EF-4E1B-A9F2-1B52074C97EB}.Release|Any CPU.Build.0 = Release|Any CPU
		{DE8C3C28-F615-495A-86A8-AC4D1DFD23D7}.Debug|Any CPU.ActiveCfg = Debug|Any CPU
		{DE8C3C28-F615-495A-86A8-AC4D1DFD23D7}.Debug|Any CPU.Build.0 = Debug|Any CPU
		{DE8C3C28-F615-495A-86A8-AC4D1DFD23D7}.Release|Any CPU.ActiveCfg = Release|Any CPU
		{DE8C3C28-F615-495A-86A8-AC4D1DFD23D7}.Release|Any CPU.Build.0 = Release|Any CPU
		{68A746FC-D1D4-4E56-93FE-0937DC22D069}.Debug|Any CPU.ActiveCfg = Debug|Any CPU
		{68A746FC-D1D4-4E56-93FE-0937DC22D069}.Debug|Any CPU.Build.0 = Debug|Any CPU
		{68A746FC-D1D4-4E56-93FE-0937DC22D069}.Release|Any CPU.ActiveCfg = Release|Any CPU
		{68A746FC-D1D4-4E56-93FE-0937DC22D069}.Release|Any CPU.Build.0 = Release|Any CPU
	EndGlobalSection
	GlobalSection(SolutionProperties) = preSolution
		HideSolutionNode = FALSE
	EndGlobalSection
	GlobalSection(ExtensibilityGlobals) = postSolution
		SolutionGuid = {5C7D5BA7-56F4-4938-999A-D1F70D38D3FF}
	EndGlobalSection
EndGlobal
